
Microsoft Visual Studio Solution File, Format Version 12.00
# Visual Studio Version 17
VisualStudioVersion = 17.10.35004.147
MinimumVisualStudioVersion = 10.0.40219.1
Project("{FAE04EC0-301F-11D3-BF4B-00C04F79EFBC}") = "FitnessFunctionService", "FitnessFunctionService\FitnessFunctionService.csproj", "{E315767A-CA33-4CEF-943C-131C363C0629}"
EndProject
Global
	GlobalSection(SolutionConfigurationPlatforms) = preSolution
		Debug|Any CPU = Debug|Any CPU
		Release|Any CPU = Release|Any CPU
	EndGlobalSection
	GlobalSection(ProjectConfigurationPlatforms) = postSolution
		{E315767A-CA33-4CEF-943C-131C363C0629}.Debug|Any CPU.ActiveCfg = Debug|Any CPU
		{E315767A-CA33-4CEF-943C-131C363C0629}.Debug|Any CPU.Build.0 = Debug|Any CPU
		{E315767A-CA33-4CEF-943C-131C363C0629}.Release|Any CPU.ActiveCfg = Release|Any CPU
		{E315767A-CA33-4CEF-943C-131C363C0629}.Release|Any CPU.Build.0 = Release|Any CPU
	EndGlobalSection
	GlobalSection(SolutionProperties) = preSolution
		HideSolutionNode = FALSE
	EndGlobalSection
	GlobalSection(ExtensibilityGlobals) = postSolution
		SolutionGuid = {6441BD33-D68C-40EA-B4E1-6EFF876AC49F}
	EndGlobalSection
EndGlobal
