
Microsoft Visual Studio Solution File, Format Version 12.00
# Visual Studio Version 17
VisualStudioVersion = 17.10.35004.147
MinimumVisualStudioVersion = 10.0.40219.1
Project("{FAE04EC0-301F-11D3-BF4B-00C04F79EFBC}") = "GAOrchestrator", "GAOrchestrator\GAOrchestrator.csproj", "{140DBC0A-7F21-4322-AB77-281B5580E7A8}"
EndProject
Global
	GlobalSection(SolutionConfigurationPlatforms) = preSolution
		Debug|Any CPU = Debug|Any CPU
		Release|Any CPU = Release|Any CPU
	EndGlobalSection
	GlobalSection(ProjectConfigurationPlatforms) = postSolution
		{140DBC0A-7F21-4322-AB77-281B5580E7A8}.Debug|Any CPU.ActiveCfg = Debug|Any CPU
		{140DBC0A-7F21-4322-AB77-281B5580E7A8}.Debug|Any CPU.Build.0 = Debug|Any CPU
		{140DBC0A-7F21-4322-AB77-281B5580E7A8}.Release|Any CPU.ActiveCfg = Release|Any CPU
		{140DBC0A-7F21-4322-AB77-281B5580E7A8}.Release|Any CPU.Build.0 = Release|Any CPU
	EndGlobalSection
	GlobalSection(SolutionProperties) = preSolution
		HideSolutionNode = FALSE
	EndGlobalSection
	GlobalSection(ExtensibilityGlobals) = postSolution
		SolutionGuid = {FFD78ECC-5B68-4807-8C99-B68B73E0551F}
	EndGlobalSection
EndGlobal
